// !$*UTF8*$!
{
	archiveVersion = 1;
	classes = {
	};
	objectVersion = 46;
	objects = {

/* Begin PBXBuildFile section */
		66988DFF1F7427D100C1D009 /* PokeCellCollectionViewCell.swift in Sources */ = {isa = PBXBuildFile; fileRef = 66988DFE1F7427D100C1D009 /* PokeCellCollectionViewCell.swift */; };
		66B896F11F72C3900046285B /* AppDelegate.swift in Sources */ = {isa = PBXBuildFile; fileRef = 66B896F01F72C3900046285B /* AppDelegate.swift */; };
		66B896F31F72C3900046285B /* ViewController.swift in Sources */ = {isa = PBXBuildFile; fileRef = 66B896F21F72C3900046285B /* ViewController.swift */; };
		66B896F61F72C3900046285B /* Main.storyboard in Resources */ = {isa = PBXBuildFile; fileRef = 66B896F41F72C3900046285B /* Main.storyboard */; };
		66B896F81F72C3900046285B /* Assets.xcassets in Resources */ = {isa = PBXBuildFile; fileRef = 66B896F71F72C3900046285B /* Assets.xcassets */; };
		66B896FB1F72C3900046285B /* LaunchScreen.storyboard in Resources */ = {isa = PBXBuildFile; fileRef = 66B896F91F72C3900046285B /* LaunchScreen.storyboard */; };
		66B897061F72C3900046285B /* My_pokidexTests.swift in Sources */ = {isa = PBXBuildFile; fileRef = 66B897051F72C3900046285B /* My_pokidexTests.swift */; };
		66B897111F72C3900046285B /* My_pokidexUITests.swift in Sources */ = {isa = PBXBuildFile; fileRef = 66B897101F72C3900046285B /* My_pokidexUITests.swift */; };
		66B8971F1F72E3AF0046285B /* File.swift in Sources */ = {isa = PBXBuildFile; fileRef = 66B8971E1F72E3AF0046285B /* File.swift */; };
		66C1A8231F7659DB0043C43F /* csv.swift in Sources */ = {isa = PBXBuildFile; fileRef = 66C1A8221F7659DB0043C43F /* csv.swift */; };
		66C1A8291F7790110043C43F /* pokemon.csv in Resources */ = {isa = PBXBuildFile; fileRef = 66C1A8281F7790110043C43F /* pokemon.csv */; };
/* End PBXBuildFile section */

/* Begin PBXContainerItemProxy section */
		66B897021F72C3900046285B /* PBXContainerItemProxy */ = {
			isa = PBXContainerItemProxy;
			containerPortal = 66B896E51F72C3900046285B /* Project object */;
			proxyType = 1;
			remoteGlobalIDString = 66B896EC1F72C3900046285B;
			remoteInfo = "My pokidex";
		};
		66B8970D1F72C3900046285B /* PBXContainerItemProxy */ = {
			isa = PBXContainerItemProxy;
			containerPortal = 66B896E51F72C3900046285B /* Project object */;
			proxyType = 1;
			remoteGlobalIDString = 66B896EC1F72C3900046285B;
			remoteInfo = "My pokidex";
		};
/* End PBXContainerItemProxy section */

/* Begin PBXFileReference section */
		66988DFE1F7427D100C1D009 /* PokeCellCollectionViewCell.swift */ = {isa = PBXFileReference; fileEncoding = 4; lastKnownFileType = sourcecode.swift; path = PokeCellCollectionViewCell.swift; sourceTree = "<group>"; };
		66B896ED1F72C3900046285B /* My pokidex.app */ = {isa = PBXFileReference; explicitFileType = wrapper.application; includeInIndex = 0; path = "My pokidex.app"; sourceTree = BUILT_PRODUCTS_DIR; };
		66B896F01F72C3900046285B /* AppDelegate.swift */ = {isa = PBXFileReference; lastKnownFileType = sourcecode.swift; path = AppDelegate.swift; sourceTree = "<group>"; };
		66B896F21F72C3900046285B /* ViewController.swift */ = {isa = PBXFileReference; lastKnownFileType = sourcecode.swift; path = ViewController.swift; sourceTree = "<group>"; };
		66B896F51F72C3900046285B /* Base */ = {isa = PBXFileReference; lastKnownFileType = file.storyboard; name = Base; path = Base.lproj/Main.storyboard; sourceTree = "<group>"; };
		66B896F71F72C3900046285B /* Assets.xcassets */ = {isa = PBXFileReference; lastKnownFileType = folder.assetcatalog; path = Assets.xcassets; sourceTree = "<group>"; };
		66B896FA1F72C3900046285B /* Base */ = {isa = PBXFileReference; lastKnownFileType = file.storyboard; name = Base; path = Base.lproj/LaunchScreen.storyboard; sourceTree = "<group>"; };
		66B896FC1F72C3900046285B /* Info.plist */ = {isa = PBXFileReference; lastKnownFileType = text.plist.xml; path = Info.plist; sourceTree = "<group>"; };
		66B897011F72C3900046285B /* My pokidexTests.xctest */ = {isa = PBXFileReference; explicitFileType = wrapper.cfbundle; includeInIndex = 0; path = "My pokidexTests.xctest"; sourceTree = BUILT_PRODUCTS_DIR; };
		66B897051F72C3900046285B /* My_pokidexTests.swift */ = {isa = PBXFileReference; lastKnownFileType = sourcecode.swift; path = My_pokidexTests.swift; sourceTree = "<group>"; };
		66B897071F72C3900046285B /* Info.plist */ = {isa = PBXFileReference; lastKnownFileType = text.plist.xml; path = Info.plist; sourceTree = "<group>"; };
		66B8970C1F72C3900046285B /* My pokidexUITests.xctest */ = {isa = PBXFileReference; explicitFileType = wrapper.cfbundle; includeInIndex = 0; path = "My pokidexUITests.xctest"; sourceTree = BUILT_PRODUCTS_DIR; };
		66B897101F72C3900046285B /* My_pokidexUITests.swift */ = {isa = PBXFileReference; lastKnownFileType = sourcecode.swift; path = My_pokidexUITests.swift; sourceTree = "<group>"; };
		66B897121F72C3900046285B /* Info.plist */ = {isa = PBXFileReference; lastKnownFileType = text.plist.xml; path = Info.plist; sourceTree = "<group>"; };
		66B8971E1F72E3AF0046285B /* File.swift */ = {isa = PBXFileReference; fileEncoding = 4; lastKnownFileType = sourcecode.swift; path = File.swift; sourceTree = "<group>"; };
		66C1A8221F7659DB0043C43F /* csv.swift */ = {isa = PBXFileReference; fileEncoding = 4; lastKnownFileType = sourcecode.swift; name = csv.swift; path = ../../csv.swift; sourceTree = "<group>"; };
		66C1A8281F7790110043C43F /* pokemon.csv */ = {isa = PBXFileReference; fileEncoding = 4; lastKnownFileType = text; path = pokemon.csv; sourceTree = "<group>"; };
/* End PBXFileReference section */

/* Begin PBXFrameworksBuildPhase section */
		66B896EA1F72C3900046285B /* Frameworks */ = {
			isa = PBXFrameworksBuildPhase;
			buildActionMask = 2147483647;
			files = (
			);
			runOnlyForDeploymentPostprocessing = 0;
		};
		66B896FE1F72C3900046285B /* Frameworks */ = {
			isa = PBXFrameworksBuildPhase;
			buildActionMask = 2147483647;
			files = (
			);
			runOnlyForDeploymentPostprocessing = 0;
		};
		66B897091F72C3900046285B /* Frameworks */ = {
			isa = PBXFrameworksBuildPhase;
			buildActionMask = 2147483647;
			files = (
			);
			runOnlyForDeploymentPostprocessing = 0;
		};
/* End PBXFrameworksBuildPhase section */

/* Begin PBXGroup section */
		66988DFD1F7427A400C1D009 /* view */ = {
			isa = PBXGroup;
			children = (
				66988DFE1F7427D100C1D009 /* PokeCellCollectionViewCell.swift */,
			);
			name = view;
			sourceTree = "<group>";
		};
		66B896E41F72C3900046285B = {
			isa = PBXGroup;
			children = (
				66B896EF1F72C3900046285B /* My pokidex */,
				66B897041F72C3900046285B /* My pokidexTests */,
				66B8970F1F72C3900046285B /* My pokidexUITests */,
				66B896EE1F72C3900046285B /* Products */,
			);
			sourceTree = "<group>";
		};
		66B896EE1F72C3900046285B /* Products */ = {
			isa = PBXGroup;
			children = (
				66B896ED1F72C3900046285B /* My pokidex.app */,
				66B897011F72C3900046285B /* My pokidexTests.xctest */,
				66B8970C1F72C3900046285B /* My pokidexUITests.xctest */,
			);
			name = Products;
			sourceTree = "<group>";
		};
		66B896EF1F72C3900046285B /* My pokidex */ = {
			isa = PBXGroup;
			children = (
				66C1A82C1F77932A0043C43F /* Resources */,
				66C1A82B1F7792FF0043C43F /* utilities */,
				66C1A82A1F7792ED0043C43F /* Controller */,
				66988DFD1F7427A400C1D009 /* view */,
				66B896F01F72C3900046285B /* AppDelegate.swift */,
				66B896F41F72C3900046285B /* Main.storyboard */,
				66B896F71F72C3900046285B /* Assets.xcassets */,
				66B896F91F72C3900046285B /* LaunchScreen.storyboard */,
				66B896FC1F72C3900046285B /* Info.plist */,
				66B897201F72E4980046285B /* Model */,
			);
			path = "My pokidex";
			sourceTree = "<group>";
		};
		66B897041F72C3900046285B /* My pokidexTests */ = {
			isa = PBXGroup;
			children = (
				66B897051F72C3900046285B /* My_pokidexTests.swift */,
				66B897071F72C3900046285B /* Info.plist */,
			);
			path = "My pokidexTests";
			sourceTree = "<group>";
		};
		66B8970F1F72C3900046285B /* My pokidexUITests */ = {
			isa = PBXGroup;
			children = (
				66B897101F72C3900046285B /* My_pokidexUITests.swift */,
				66B897121F72C3900046285B /* Info.plist */,
			);
			path = "My pokidexUITests";
			sourceTree = "<group>";
		};
		66B897201F72E4980046285B /* Model */ = {
			isa = PBXGroup;
			children = (
				66B8971E1F72E3AF0046285B /* File.swift */,
			);
			name = Model;
			sourceTree = "<group>";
		};
		66C1A82A1F7792ED0043C43F /* Controller */ = {
			isa = PBXGroup;
			children = (
				66B896F21F72C3900046285B /* ViewController.swift */,
			);
			name = Controller;
			sourceTree = "<group>";
		};
		66C1A82B1F7792FF0043C43F /* utilities */ = {
			isa = PBXGroup;
			children = (
				66C1A8221F7659DB0043C43F /* csv.swift */,
			);
			name = utilities;
			sourceTree = "<group>";
		};
		66C1A82C1F77932A0043C43F /* Resources */ = {
			isa = PBXGroup;
			children = (
				66C1A8281F7790110043C43F /* pokemon.csv */,
			);
			name = Resources;
			sourceTree = "<group>";
		};
/* End PBXGroup section */

/* Begin PBXNativeTarget section */
		66B896EC1F72C3900046285B /* My pokidex */ = {
			isa = PBXNativeTarget;
			buildConfigurationList = 66B897151F72C3900046285B /* Build configuration list for PBXNativeTarget "My pokidex" */;
			buildPhases = (
				66B896E91F72C3900046285B /* Sources */,
				66B896EA1F72C3900046285B /* Frameworks */,
				66B896EB1F72C3900046285B /* Resources */,
			);
			buildRules = (
			);
			dependencies = (
			);
			name = "My pokidex";
			productName = "My pokidex";
			productReference = 66B896ED1F72C3900046285B /* My pokidex.app */;
			productType = "com.apple.product-type.application";
		};
		66B897001F72C3900046285B /* My pokidexTests */ = {
			isa = PBXNativeTarget;
			buildConfigurationList = 66B897181F72C3900046285B /* Build configuration list for PBXNativeTarget "My pokidexTests" */;
			buildPhases = (
				66B896FD1F72C3900046285B /* Sources */,
				66B896FE1F72C3900046285B /* Frameworks */,
				66B896FF1F72C3900046285B /* Resources */,
			);
			buildRules = (
			);
			dependencies = (
				66B897031F72C3900046285B /* PBXTargetDependency */,
			);
			name = "My pokidexTests";
			productName = "My pokidexTests";
			productReference = 66B897011F72C3900046285B /* My pokidexTests.xctest */;
			productType = "com.apple.product-type.bundle.unit-test";
		};
		66B8970B1F72C3900046285B /* My pokidexUITests */ = {
			isa = PBXNativeTarget;
			buildConfigurationList = 66B8971B1F72C3900046285B /* Build configuration list for PBXNativeTarget "My pokidexUITests" */;
			buildPhases = (
				66B897081F72C3900046285B /* Sources */,
				66B897091F72C3900046285B /* Frameworks */,
				66B8970A1F72C3900046285B /* Resources */,
			);
			buildRules = (
			);
			dependencies = (
				66B8970E1F72C3900046285B /* PBXTargetDependency */,
			);
			name = "My pokidexUITests";
			productName = "My pokidexUITests";
			productReference = 66B8970C1F72C3900046285B /* My pokidexUITests.xctest */;
			productType = "com.apple.product-type.bundle.ui-testing";
		};
/* End PBXNativeTarget section */

/* Begin PBXProject section */
		66B896E51F72C3900046285B /* Project object */ = {
			isa = PBXProject;
			attributes = {
				LastSwiftUpdateCheck = 0830;
				LastUpgradeCheck = 0830;
				ORGANIZATIONNAME = "Shinto Joseph";
				TargetAttributes = {
					66B896EC1F72C3900046285B = {
						CreatedOnToolsVersion = 8.3.2;
						LastSwiftMigration = 0830;
						ProvisioningStyle = Automatic;
					};
					66B897001F72C3900046285B = {
						CreatedOnToolsVersion = 8.3.2;
						LastSwiftMigration = 0830;
						ProvisioningStyle = Automatic;
						TestTargetID = 66B896EC1F72C3900046285B;
					};
					66B8970B1F72C3900046285B = {
						CreatedOnToolsVersion = 8.3.2;
						LastSwiftMigration = 0830;
						ProvisioningStyle = Automatic;
						TestTargetID = 66B896EC1F72C3900046285B;
					};
				};
			};
			buildConfigurationList = 66B896E81F72C3900046285B /* Build configuration list for PBXProject "My pokidex" */;
			compatibilityVersion = "Xcode 3.2";
			developmentRegion = English;
			hasScannedForEncodings = 0;
			knownRegions = (
				en,
				Base,
			);
			mainGroup = 66B896E41F72C3900046285B;
			productRefGroup = 66B896EE1F72C3900046285B /* Products */;
			projectDirPath = "";
			projectRoot = "";
			targets = (
				66B896EC1F72C3900046285B /* My pokidex */,
				66B897001F72C3900046285B /* My pokidexTests */,
				66B8970B1F72C3900046285B /* My pokidexUITests */,
			);
		};
/* End PBXProject section */

/* Begin PBXResourcesBuildPhase section */
		66B896EB1F72C3900046285B /* Resources */ = {
			isa = PBXResourcesBuildPhase;
			buildActionMask = 2147483647;
			files = (
				66B896FB1F72C3900046285B /* LaunchScreen.storyboard in Resources */,
				66B896F81F72C3900046285B /* Assets.xcassets in Resources */,
				66B896F61F72C3900046285B /* Main.storyboard in Resources */,
				66C1A8291F7790110043C43F /* pokemon.csv in Resources */,
			);
			runOnlyForDeploymentPostprocessing = 0;
		};
		66B896FF1F72C3900046285B /* Resources */ = {
			isa = PBXResourcesBuildPhase;
			buildActionMask = 2147483647;
			files = (
			);
			runOnlyForDeploymentPostprocessing = 0;
		};
		66B8970A1F72C3900046285B /* Resources */ = {
			isa = PBXResourcesBuildPhase;
			buildActionMask = 2147483647;
			files = (
			);
			runOnlyForDeploymentPostprocessing = 0;
		};
/* End PBXResourcesBuildPhase section */

/* Begin PBXSourcesBuildPhase section */
		66B896E91F72C3900046285B /* Sources */ = {
			isa = PBXSourcesBuildPhase;
			buildActionMask = 2147483647;
			files = (
				66B896F31F72C3900046285B /* ViewController.swift in Sources */,
				66B8971F1F72E3AF0046285B /* File.swift in Sources */,
				66988DFF1F7427D100C1D009 /* PokeCellCollectionViewCell.swift in Sources */,
				66B896F11F72C3900046285B /* AppDelegate.swift in Sources */,
				66C1A8231F7659DB0043C43F /* csv.swift in Sources */,
			);
			runOnlyForDeploymentPostprocessing = 0;
		};
		66B896FD1F72C3900046285B /* Sources */ = {
			isa = PBXSourcesBuildPhase;
			buildActionMask = 2147483647;
			files = (
				66B897061F72C3900046285B /* My_pokidexTests.swift in Sources */,
			);
			runOnlyForDeploymentPostprocessing = 0;
		};
		66B897081F72C3900046285B /* Sources */ = {
			isa = PBXSourcesBuildPhase;
			buildActionMask = 2147483647;
			files = (
				66B897111F72C3900046285B /* My_pokidexUITests.swift in Sources */,
			);
			runOnlyForDeploymentPostprocessing = 0;
		};
/* End PBXSourcesBuildPhase section */

/* Begin PBXTargetDependency section */
		66B897031F72C3900046285B /* PBXTargetDependency */ = {
			isa = PBXTargetDependency;
			target = 66B896EC1F72C3900046285B /* My pokidex */;
			targetProxy = 66B897021F72C3900046285B /* PBXContainerItemProxy */;
		};
		66B8970E1F72C3900046285B /* PBXTargetDependency */ = {
			isa = PBXTargetDependency;
			target = 66B896EC1F72C3900046285B /* My pokidex */;
			targetProxy = 66B8970D1F72C3900046285B /* PBXContainerItemProxy */;
		};
/* End PBXTargetDependency section */

/* Begin PBXVariantGroup section */
		66B896F41F72C3900046285B /* Main.storyboard */ = {
			isa = PBXVariantGroup;
			children = (
				66B896F51F72C3900046285B /* Base */,
			);
			name = Main.storyboard;
			sourceTree = "<group>";
		};
		66B896F91F72C3900046285B /* LaunchScreen.storyboard */ = {
			isa = PBXVariantGroup;
			children = (
				66B896FA1F72C3900046285B /* Base */,
			);
			name = LaunchScreen.storyboard;
			sourceTree = "<group>";
		};
/* End PBXVariantGroup section */

/* Begin XCBuildConfiguration section */
		66B897131F72C3900046285B /* Debug */ = {
			isa = XCBuildConfiguration;
			buildSettings = {
				ALWAYS_SEARCH_USER_PATHS = NO;
				CLANG_ANALYZER_NONNULL = YES;
				CLANG_ANALYZER_NUMBER_OBJECT_CONVERSION = YES_AGGRESSIVE;
				CLANG_CXX_LANGUAGE_STANDARD = "gnu++0x";
				CLANG_CXX_LIBRARY = "libc++";
				CLANG_ENABLE_MODULES = YES;
				CLANG_ENABLE_OBJC_ARC = YES;
				CLANG_WARN_BOOL_CONVERSION = YES;
				CLANG_WARN_CONSTANT_CONVERSION = YES;
				CLANG_WARN_DIRECT_OBJC_ISA_USAGE = YES_ERROR;
				CLANG_WARN_DOCUMENTATION_COMMENTS = YES;
				CLANG_WARN_EMPTY_BODY = YES;
				CLANG_WARN_ENUM_CONVERSION = YES;
				CLANG_WARN_INFINITE_RECURSION = YES;
				CLANG_WARN_INT_CONVERSION = YES;
				CLANG_WARN_OBJC_ROOT_CLASS = YES_ERROR;
				CLANG_WARN_SUSPICIOUS_MOVE = YES;
				CLANG_WARN_UNREACHABLE_CODE = YES;
				CLANG_WARN__DUPLICATE_METHOD_MATCH = YES;
				"CODE_SIGN_IDENTITY[sdk=iphoneos*]" = "iPhone Developer";
				COPY_PHASE_STRIP = NO;
				DEBUG_INFORMATION_FORMAT = dwarf;
				ENABLE_STRICT_OBJC_MSGSEND = YES;
				ENABLE_TESTABILITY = YES;
				GCC_C_LANGUAGE_STANDARD = gnu99;
				GCC_DYNAMIC_NO_PIC = NO;
				GCC_NO_COMMON_BLOCKS = YES;
				GCC_OPTIMIZATION_LEVEL = 0;
				GCC_PREPROCESSOR_DEFINITIONS = (
					"DEBUG=1",
					"$(inherited)",
				);
				GCC_WARN_64_TO_32_BIT_CONVERSION = YES;
				GCC_WARN_ABOUT_RETURN_TYPE = YES_ERROR;
				GCC_WARN_UNDECLARED_SELECTOR = YES;
				GCC_WARN_UNINITIALIZED_AUTOS = YES_AGGRESSIVE;
				GCC_WARN_UNUSED_FUNCTION = YES;
				GCC_WARN_UNUSED_VARIABLE = YES;
				IPHONEOS_DEPLOYMENT_TARGET = 10.3;
				MTL_ENABLE_DEBUG_INFO = YES;
				ONLY_ACTIVE_ARCH = YES;
				SDKROOT = iphoneos;
				SWIFT_ACTIVE_COMPILATION_CONDITIONS = DEBUG;
				SWIFT_OPTIMIZATION_LEVEL = "-Onone";
				TARGETED_DEVICE_FAMILY = "1,2";
			};
			name = Debug;
		};
		66B897141F72C3900046285B /* Release */ = {
			isa = XCBuildConfiguration;
			buildSettings = {
				ALWAYS_SEARCH_USER_PATHS = NO;
				CLANG_ANALYZER_NONNULL = YES;
				CLANG_ANALYZER_NUMBER_OBJECT_CONVERSION = YES_AGGRESSIVE;
				CLANG_CXX_LANGUAGE_STANDARD = "gnu++0x";
				CLANG_CXX_LIBRARY = "libc++";
				CLANG_ENABLE_MODULES = YES;
				CLANG_ENABLE_OBJC_ARC = YES;
				CLANG_WARN_BOOL_CONVERSION = YES;
				CLANG_WARN_CONSTANT_CONVERSION = YES;
				CLANG_WARN_DIRECT_OBJC_ISA_USAGE = YES_ERROR;
				CLANG_WARN_DOCUMENTATION_COMMENTS = YES;
				CLANG_WARN_EMPTY_BODY = YES;
				CLANG_WARN_ENUM_CONVERSION = YES;
				CLANG_WARN_INFINITE_RECURSION = YES;
				CLANG_WARN_INT_CONVERSION = YES;
				CLANG_WARN_OBJC_ROOT_CLASS = YES_ERROR;
				CLANG_WARN_SUSPICIOUS_MOVE = YES;
				CLANG_WARN_UNREACHABLE_CODE = YES;
				CLANG_WARN__DUPLICATE_METHOD_MATCH = YES;
				"CODE_SIGN_IDENTITY[sdk=iphoneos*]" = "iPhone Developer";
				COPY_PHASE_STRIP = NO;
				DEBUG_INFORMATION_FORMAT = "dwarf-with-dsym";
				ENABLE_NS_ASSERTIONS = NO;
				ENABLE_STRICT_OBJC_MSGSEND = YES;
				GCC_C_LANGUAGE_STANDARD = gnu99;
				GCC_NO_COMMON_BLOCKS = YES;
				GCC_WARN_64_TO_32_BIT_CONVERSION = YES;
				GCC_WARN_ABOUT_RETURN_TYPE = YES_ERROR;
				GCC_WARN_UNDECLARED_SELECTOR = YES;
				GCC_WARN_UNINITIALIZED_AUTOS = YES_AGGRESSIVE;
				GCC_WARN_UNUSED_FUNCTION = YES;
				GCC_WARN_UNUSED_VARIABLE = YES;
				IPHONEOS_DEPLOYMENT_TARGET = 10.3;
				MTL_ENABLE_DEBUG_INFO = NO;
				SDKROOT = iphoneos;
				SWIFT_OPTIMIZATION_LEVEL = "-Owholemodule";
				TARGETED_DEVICE_FAMILY = "1,2";
				VALIDATE_PRODUCT = YES;
			};
			name = Release;
		};
		66B897161F72C3900046285B /* Debug */ = {
			isa = XCBuildConfiguration;
			buildSettings = {
				ASSETCATALOG_COMPILER_APPICON_NAME = AppIcon;
				INFOPLIST_FILE = "My pokidex/Info.plist";
				LD_RUNPATH_SEARCH_PATHS = "$(inherited) @executable_path/Frameworks";
				PRODUCT_BUNDLE_IDENTIFIER = "shintoishere.My-pokidex";
				PRODUCT_NAME = "$(TARGET_NAME)";
				SWIFT_VERSION = 3.0;
			};
			name = Debug;
		};
		66B897171F72C3900046285B /* Release */ = {
			isa = XCBuildConfiguration;
			buildSettings = {
				ASSETCATALOG_COMPILER_APPICON_NAME = AppIcon;
				INFOPLIST_FILE = "My pokidex/Info.plist";
				LD_RUNPATH_SEARCH_PATHS = "$(inherited) @executable_path/Frameworks";
				PRODUCT_BUNDLE_IDENTIFIER = "shintoishere.My-pokidex";
				PRODUCT_NAME = "$(TARGET_NAME)";
				SWIFT_VERSION = 3.0;
			};
			name = Release;
		};
		66B897191F72C3900046285B /* Debug */ = {
			isa = XCBuildConfiguration;
			buildSettings = {
				ALWAYS_EMBED_SWIFT_STANDARD_LIBRARIES = YES;
				BUNDLE_LOADER = "$(TEST_HOST)";
				INFOPLIST_FILE = "My pokidexTests/Info.plist";
				LD_RUNPATH_SEARCH_PATHS = "$(inherited) @executable_path/Frameworks @loader_path/Frameworks";
				PRODUCT_BUNDLE_IDENTIFIER = "shintoishere.My-pokidexTests";
				PRODUCT_NAME = "$(TARGET_NAME)";
				SWIFT_VERSION = 3.0;
				TEST_HOST = "$(BUILT_PRODUCTS_DIR)/My pokidex.app/My pokidex";
			};
			name = Debug;
		};
		66B8971A1F72C3900046285B /* Release */ = {
			isa = XCBuildConfiguration;
			buildSettings = {
				ALWAYS_EMBED_SWIFT_STANDARD_LIBRARIES = YES;
				BUNDLE_LOADER = "$(TEST_HOST)";
				INFOPLIST_FILE = "My pokidexTests/Info.plist";
				LD_RUNPATH_SEARCH_PATHS = "$(inherited) @executable_path/Frameworks @loader_path/Frameworks";
				PRODUCT_BUNDLE_IDENTIFIER = "shintoishere.My-pokidexTests";
				PRODUCT_NAME = "$(TARGET_NAME)";
				SWIFT_VERSION = 3.0;
				TEST_HOST = "$(BUILT_PRODUCTS_DIR)/My pokidex.app/My pokidex";
			};
			name = Release;
		};
		66B8971C1F72C3900046285B /* Debug */ = {
			isa = XCBuildConfiguration;
			buildSettings = {
				ALWAYS_EMBED_SWIFT_STANDARD_LIBRARIES = YES;
				INFOPLIST_FILE = "My pokidexUITests/Info.plist";
				LD_RUNPATH_SEARCH_PATHS = "$(inherited) @executable_path/Frameworks @loader_path/Frameworks";
				PRODUCT_BUNDLE_IDENTIFIER = "shintoishere.My-pokidexUITests";
				PRODUCT_NAME = "$(TARGET_NAME)";
				SWIFT_VERSION = 3.0;
				TEST_TARGET_NAME = "My pokidex";
			};
			name = Debug;
		};
		66B8971D1F72C3900046285B /* Release */ = {
			isa = XCBuildConfiguration;
			buildSettings = {
				ALWAYS_EMBED_SWIFT_STANDARD_LIBRARIES = YES;
				INFOPLIST_FILE = "My pokidexUITests/Info.plist";
				LD_RUNPATH_SEARCH_PATHS = "$(inherited) @executable_path/Frameworks @loader_path/Frameworks";
				PRODUCT_BUNDLE_IDENTIFIER = "shintoishere.My-pokidexUITests";
				PRODUCT_NAME = "$(TARGET_NAME)";
				SWIFT_VERSION = 3.0;
				TEST_TARGET_NAME = "My pokidex";
			};
			name = Release;
		};
/* End XCBuildConfiguration section */

/* Begin XCConfigurationList section */
		66B896E81F72C3900046285B /* Build configuration list for PBXProject "My pokidex" */ = {
			isa = XCConfigurationList;
			buildConfigurations = (
				66B897131F72C3900046285B /* Debug */,
				66B897141F72C3900046285B /* Release */,
			);
			defaultConfigurationIsVisible = 0;
			defaultConfigurationName = Release;
		};
		66B897151F72C3900046285B /* Build configuration list for PBXNativeTarget "My pokidex" */ = {
			isa = XCConfigurationList;
			buildConfigurations = (
				66B897161F72C3900046285B /* Debug */,
				66B897171F72C3900046285B /* Release */,
			);
			defaultConfigurationIsVisible = 0;
			defaultConfigurationName = Release;
		};
		66B897181F72C3900046285B /* Build configuration list for PBXNativeTarget "My pokidexTests" */ = {
			isa = XCConfigurationList;
			buildConfigurations = (
				66B897191F72C3900046285B /* Debug */,
				66B8971A1F72C3900046285B /* Release */,
			);
			defaultConfigurationIsVisible = 0;
			defaultConfigurationName = Release;
		};
		66B8971B1F72C3900046285B /* Build configuration list for PBXNativeTarget "My pokidexUITests" */ = {
			isa = XCConfigurationList;
			buildConfigurations = (
				66B8971C1F72C3900046285B /* Debug */,
				66B8971D1F72C3900046285B /* Release */,
			);
			defaultConfigurationIsVisible = 0;
			defaultConfigurationName = Release;
		};
/* End XCConfigurationList section */
	};
	rootObject = 66B896E51F72C3900046285B /* Project object */;
}
